// !$*UTF8*$!
{
	archiveVersion = 1;
	classes = {
	};
	objectVersion = 77;
	objects = {

/* Begin PBXBuildFile section */
		B134121A2DE90F6E00B6D92D /* WidgetKit.framework in Frameworks */ = {isa = PBXBuildFile; fileRef = B18965502D81DAD600AA0066 /* WidgetKit.framework */; };
		B134121B2DE90F6E00B6D92D /* SwiftUI.framework in Frameworks */ = {isa = PBXBuildFile; fileRef = B1F8C31A2D78C6B800C60809 /* SwiftUI.framework */; };
		B134122C2DE90F7000B6D92D /* cumuluswidgetsExtension.appex in Embed Foundation Extensions */ = {isa = PBXBuildFile; fileRef = B13412192DE90F6E00B6D92D /* cumuluswidgetsExtension.appex */; settings = {ATTRIBUTES = (RemoveHeadersOnCopy, ); }; };
		B15B3B3F2DFB476200A6E063 /* CumulusWatch Watch App.app in Embed Watch Content */ = {isa = PBXBuildFile; fileRef = B15B3B352DFB476000A6E063 /* CumulusWatch Watch App.app */; settings = {ATTRIBUTES = (RemoveHeadersOnCopy, ); }; };
/* End PBXBuildFile section */

/* Begin PBXContainerItemProxy section */
		B134122A2DE90F7000B6D92D /* PBXContainerItemProxy */ = {
			isa = PBXContainerItemProxy;
			containerPortal = B1F8C2BB2D78C5C300C60809 /* Project object */;
			proxyType = 1;
			remoteGlobalIDString = B13412182DE90F6E00B6D92D;
			remoteInfo = cumuluswidgetsExtension;
		};
		B15B3B3D2DFB476200A6E063 /* PBXContainerItemProxy */ = {
			isa = PBXContainerItemProxy;
			containerPortal = B1F8C2BB2D78C5C300C60809 /* Project object */;
			proxyType = 1;
			remoteGlobalIDString = B15B3B342DFB476000A6E063;
			remoteInfo = "CumulusWatch Watch App";
		};
/* End PBXContainerItemProxy section */

/* Begin PBXCopyFilesBuildPhase section */
		B12B44292D797A790054BDB3 /* Embed Watch Content */ = {
			isa = PBXCopyFilesBuildPhase;
			buildActionMask = 2147483647;
			dstPath = "$(CONTENTS_FOLDER_PATH)/Watch";
			dstSubfolderSpec = 16;
			files = (
				B15B3B3F2DFB476200A6E063 /* CumulusWatch Watch App.app in Embed Watch Content */,
			);
			name = "Embed Watch Content";
			runOnlyForDeploymentPostprocessing = 0;
		};
		B1F8C3312D78C6B900C60809 /* Embed Foundation Extensions */ = {
			isa = PBXCopyFilesBuildPhase;
			buildActionMask = 2147483647;
			dstPath = "";
			dstSubfolderSpec = 13;
			files = (
				B134122C2DE90F7000B6D92D /* cumuluswidgetsExtension.appex in Embed Foundation Extensions */,
			);
			name = "Embed Foundation Extensions";
			runOnlyForDeploymentPostprocessing = 0;
		};
/* End PBXCopyFilesBuildPhase section */

/* Begin PBXFileReference section */
		B13412192DE90F6E00B6D92D /* cumuluswidgetsExtension.appex */ = {isa = PBXFileReference; explicitFileType = "wrapper.app-extension"; includeInIndex = 0; path = cumuluswidgetsExtension.appex; sourceTree = BUILT_PRODUCTS_DIR; };
		B13412312DE90F9100B6D92D /* cumuluswidgetsExtension.entitlements */ = {isa = PBXFileReference; lastKnownFileType = text.plist.entitlements; path = cumuluswidgetsExtension.entitlements; sourceTree = "<group>"; };
		B138F2E12D7B13A500F80150 /* Cumulus.app */ = {isa = PBXFileReference; explicitFileType = wrapper.application; includeInIndex = 0; path = Cumulus.app; sourceTree = BUILT_PRODUCTS_DIR; };
		B15B3B352DFB476000A6E063 /* CumulusWatch Watch App.app */ = {isa = PBXFileReference; explicitFileType = wrapper.application; includeInIndex = 0; path = "CumulusWatch Watch App.app"; sourceTree = BUILT_PRODUCTS_DIR; };
		B18965502D81DAD600AA0066 /* WidgetKit.framework */ = {isa = PBXFileReference; lastKnownFileType = wrapper.framework; name = WidgetKit.framework; path = System/Library/Frameworks/WidgetKit.framework; sourceTree = SDKROOT; };
		B1F8C2C32D78C5C300C60809 /* Cumulus.app */ = {isa = PBXFileReference; explicitFileType = wrapper.application; includeInIndex = 0; path = Cumulus.app; sourceTree = BUILT_PRODUCTS_DIR; };
		B1F8C31A2D78C6B800C60809 /* SwiftUI.framework */ = {isa = PBXFileReference; lastKnownFileType = wrapper.framework; name = SwiftUI.framework; path = System/Library/Frameworks/SwiftUI.framework; sourceTree = SDKROOT; };
/* End PBXFileReference section */

/* Begin PBXFileSystemSynchronizedBuildFileExceptionSet section */
		B10357FE2DFA649C005945D6 /* Exceptions for "Cumulus" folder in "cumuluswidgetsExtension" target */ = {
			isa = PBXFileSystemSynchronizedBuildFileExceptionSet;
			membershipExceptions = (
				Managers/SharedWeather.swift,
			);
			target = B13412182DE90F6E00B6D92D /* cumuluswidgetsExtension */;
		};
		B13412302DE90F7000B6D92D /* Exceptions for "cumuluswidgets" folder in "cumuluswidgetsExtension" target */ = {
			isa = PBXFileSystemSynchronizedBuildFileExceptionSet;
			membershipExceptions = (
				Info.plist,
			);
			target = B13412182DE90F6E00B6D92D /* cumuluswidgetsExtension */;
		};
		B1F8C3A22D78C93700C60809 /* Exceptions for "Cumulus" folder in "Cumulus" target */ = {
			isa = PBXFileSystemSynchronizedBuildFileExceptionSet;
			membershipExceptions = (
				Info.plist,
			);
			target = B1F8C2C22D78C5C300C60809 /* Cumulus */;
		};
/* End PBXFileSystemSynchronizedBuildFileExceptionSet section */

/* Begin PBXFileSystemSynchronizedRootGroup section */
		B134121C2DE90F6E00B6D92D /* cumuluswidgets */ = {
			isa = PBXFileSystemSynchronizedRootGroup;
			exceptions = (
				B13412302DE90F7000B6D92D /* Exceptions for "cumuluswidgets" folder in "cumuluswidgetsExtension" target */,
			);
			path = cumuluswidgets;
			sourceTree = "<group>";
		};
		B138F2E22D7B13A500F80150 /* cumulusMAC */ = {
			isa = PBXFileSystemSynchronizedRootGroup;
			path = cumulusMAC;
			sourceTree = "<group>";
		};
		B15B3B362DFB476000A6E063 /* CumulusWatch Watch App */ = {
			isa = PBXFileSystemSynchronizedRootGroup;
			path = "CumulusWatch Watch App";
			sourceTree = "<group>";
		};
		B1F8C2C52D78C5C300C60809 /* Cumulus */ = {
			isa = PBXFileSystemSynchronizedRootGroup;
			exceptions = (
				B1F8C3A22D78C93700C60809 /* Exceptions for "Cumulus" folder in "Cumulus" target */,
				B10357FE2DFA649C005945D6 /* Exceptions for "Cumulus" folder in "cumuluswidgetsExtension" target */,
			);
			path = Cumulus;
			sourceTree = "<group>";
		};
/* End PBXFileSystemSynchronizedRootGroup section */

/* Begin PBXFrameworksBuildPhase section */
		B13412162DE90F6E00B6D92D /* Frameworks */ = {
			isa = PBXFrameworksBuildPhase;
			buildActionMask = 2147483647;
			files = (
				B134121B2DE90F6E00B6D92D /* SwiftUI.framework in Frameworks */,
				B134121A2DE90F6E00B6D92D /* WidgetKit.framework in Frameworks */,
			);
			runOnlyForDeploymentPostprocessing = 0;
		};
		B138F2DE2D7B13A500F80150 /* Frameworks */ = {
			isa = PBXFrameworksBuildPhase;
			buildActionMask = 2147483647;
			files = (
			);
			runOnlyForDeploymentPostprocessing = 0;
		};
		B15B3B322DFB476000A6E063 /* Frameworks */ = {
			isa = PBXFrameworksBuildPhase;
			buildActionMask = 2147483647;
			files = (
			);
			runOnlyForDeploymentPostprocessing = 0;
		};
		B1F8C2C02D78C5C300C60809 /* Frameworks */ = {
			isa = PBXFrameworksBuildPhase;
			buildActionMask = 2147483647;
			files = (
			);
			runOnlyForDeploymentPostprocessing = 0;
		};
/* End PBXFrameworksBuildPhase section */

/* Begin PBXGroup section */
		B1F8C2BA2D78C5C300C60809 = {
			isa = PBXGroup;
			children = (
				B13412312DE90F9100B6D92D /* cumuluswidgetsExtension.entitlements */,
				B1F8C2C52D78C5C300C60809 /* Cumulus */,
				B138F2E22D7B13A500F80150 /* cumulusMAC */,
				B134121C2DE90F6E00B6D92D /* cumuluswidgets */,
				B15B3B362DFB476000A6E063 /* CumulusWatch Watch App */,
				B1F8C3172D78C6B800C60809 /* Frameworks */,
				B1F8C2C42D78C5C300C60809 /* Products */,
			);
			sourceTree = "<group>";
		};
		B1F8C2C42D78C5C300C60809 /* Products */ = {
			isa = PBXGroup;
			children = (
				B1F8C2C32D78C5C300C60809 /* Cumulus.app */,
				B138F2E12D7B13A500F80150 /* Cumulus.app */,
				B13412192DE90F6E00B6D92D /* cumuluswidgetsExtension.appex */,
				B15B3B352DFB476000A6E063 /* CumulusWatch Watch App.app */,
			);
			name = Products;
			sourceTree = "<group>";
		};
		B1F8C3172D78C6B800C60809 /* Frameworks */ = {
			isa = PBXGroup;
			children = (
				B1F8C31A2D78C6B800C60809 /* SwiftUI.framework */,
				B18965502D81DAD600AA0066 /* WidgetKit.framework */,
			);
			name = Frameworks;
			sourceTree = "<group>";
		};
/* End PBXGroup section */

/* Begin PBXNativeTarget section */
		B13412182DE90F6E00B6D92D /* cumuluswidgetsExtension */ = {
			isa = PBXNativeTarget;
			buildConfigurationList = B134122F2DE90F7000B6D92D /* Build configuration list for PBXNativeTarget "cumuluswidgetsExtension" */;
			buildPhases = (
				B13412152DE90F6E00B6D92D /* Sources */,
				B13412162DE90F6E00B6D92D /* Frameworks */,
				B13412172DE90F6E00B6D92D /* Resources */,
			);
			buildRules = (
			);
			dependencies = (
			);
			fileSystemSynchronizedGroups = (
				B134121C2DE90F6E00B6D92D /* cumuluswidgets */,
			);
			name = cumuluswidgetsExtension;
			packageProductDependencies = (
			);
			productName = cumuluswidgetsExtension;
			productReference = B13412192DE90F6E00B6D92D /* cumuluswidgetsExtension.appex */;
			productType = "com.apple.product-type.app-extension";
		};
		B138F2E02D7B13A500F80150 /* cumulusMAC */ = {
			isa = PBXNativeTarget;
			buildConfigurationList = B138F3032D7B13A600F80150 /* Build configuration list for PBXNativeTarget "cumulusMAC" */;
			buildPhases = (
				B138F2DD2D7B13A500F80150 /* Sources */,
				B138F2DE2D7B13A500F80150 /* Frameworks */,
				B138F2DF2D7B13A500F80150 /* Resources */,
			);
			buildRules = (
			);
			dependencies = (
			);
			fileSystemSynchronizedGroups = (
				B138F2E22D7B13A500F80150 /* cumulusMAC */,
			);
			name = cumulusMAC;
			packageProductDependencies = (
			);
			productName = cumulusMAC;
			productReference = B138F2E12D7B13A500F80150 /* Cumulus.app */;
			productType = "com.apple.product-type.application";
		};
		B15B3B342DFB476000A6E063 /* CumulusWatch Watch App */ = {
			isa = PBXNativeTarget;
			buildConfigurationList = B15B3B422DFB476200A6E063 /* Build configuration list for PBXNativeTarget "CumulusWatch Watch App" */;
			buildPhases = (
				B15B3B312DFB476000A6E063 /* Sources */,
				B15B3B322DFB476000A6E063 /* Frameworks */,
				B15B3B332DFB476000A6E063 /* Resources */,
			);
			buildRules = (
			);
			dependencies = (
			);
			fileSystemSynchronizedGroups = (
				B15B3B362DFB476000A6E063 /* CumulusWatch Watch App */,
			);
			name = "CumulusWatch Watch App";
			packageProductDependencies = (
			);
			productName = "CumulusWatch Watch App";
			productReference = B15B3B352DFB476000A6E063 /* CumulusWatch Watch App.app */;
			productType = "com.apple.product-type.application";
		};
		B1F8C2C22D78C5C300C60809 /* Cumulus */ = {
			isa = PBXNativeTarget;
			buildConfigurationList = B1F8C2E72D78C5C400C60809 /* Build configuration list for PBXNativeTarget "Cumulus" */;
			buildPhases = (
				B1F8C2BF2D78C5C300C60809 /* Sources */,
				B1F8C2C02D78C5C300C60809 /* Frameworks */,
				B1F8C2C12D78C5C300C60809 /* Resources */,
				B1F8C3312D78C6B900C60809 /* Embed Foundation Extensions */,
				B12B44292D797A790054BDB3 /* Embed Watch Content */,
			);
			buildRules = (
			);
			dependencies = (
				B134122B2DE90F7000B6D92D /* PBXTargetDependency */,
				B15B3B3E2DFB476200A6E063 /* PBXTargetDependency */,
			);
			fileSystemSynchronizedGroups = (
				B1F8C2C52D78C5C300C60809 /* Cumulus */,
			);
			name = Cumulus;
			packageProductDependencies = (
			);
			productName = Cumulus;
			productReference = B1F8C2C32D78C5C300C60809 /* Cumulus.app */;
			productType = "com.apple.product-type.application";
		};
/* End PBXNativeTarget section */

/* Begin PBXProject section */
		B1F8C2BB2D78C5C300C60809 /* Project object */ = {
			isa = PBXProject;
			attributes = {
				BuildIndependentTargetsInParallel = 1;
				LastSwiftUpdateCheck = 2600;
				LastUpgradeCheck = 2600;
				TargetAttributes = {
					B13412182DE90F6E00B6D92D = {
						CreatedOnToolsVersion = 16.3;
					};
					B138F2E02D7B13A500F80150 = {
						CreatedOnToolsVersion = 16.2;
						LastSwiftMigration = 1620;
					};
					B15B3B342DFB476000A6E063 = {
						CreatedOnToolsVersion = 26.0;
					};
					B1F8C2C22D78C5C300C60809 = {
						CreatedOnToolsVersion = 16.2;
						LastSwiftMigration = 1620;
					};
				};
			};
			buildConfigurationList = B1F8C2BE2D78C5C300C60809 /* Build configuration list for PBXProject "Cumulus" */;
			developmentRegion = en;
			hasScannedForEncodings = 0;
			knownRegions = (
				en,
				Base,
			);
			mainGroup = B1F8C2BA2D78C5C300C60809;
			minimizedProjectReferenceProxies = 1;
			preferredProjectObjectVersion = 77;
			productRefGroup = B1F8C2C42D78C5C300C60809 /* Products */;
			projectDirPath = "";
			projectRoot = "";
			targets = (
				B1F8C2C22D78C5C300C60809 /* Cumulus */,
				B138F2E02D7B13A500F80150 /* cumulusMAC */,
				B13412182DE90F6E00B6D92D /* cumuluswidgetsExtension */,
				B15B3B342DFB476000A6E063 /* CumulusWatch Watch App */,
			);
		};
/* End PBXProject section */

/* Begin PBXResourcesBuildPhase section */
		B13412172DE90F6E00B6D92D /* Resources */ = {
			isa = PBXResourcesBuildPhase;
			buildActionMask = 2147483647;
			files = (
			);
			runOnlyForDeploymentPostprocessing = 0;
		};
		B138F2DF2D7B13A500F80150 /* Resources */ = {
			isa = PBXResourcesBuildPhase;
			buildActionMask = 2147483647;
			files = (
			);
			runOnlyForDeploymentPostprocessing = 0;
		};
		B15B3B332DFB476000A6E063 /* Resources */ = {
			isa = PBXResourcesBuildPhase;
			buildActionMask = 2147483647;
			files = (
			);
			runOnlyForDeploymentPostprocessing = 0;
		};
		B1F8C2C12D78C5C300C60809 /* Resources */ = {
			isa = PBXResourcesBuildPhase;
			buildActionMask = 2147483647;
			files = (
			);
			runOnlyForDeploymentPostprocessing = 0;
		};
/* End PBXResourcesBuildPhase section */

/* Begin PBXSourcesBuildPhase section */
		B13412152DE90F6E00B6D92D /* Sources */ = {
			isa = PBXSourcesBuildPhase;
			buildActionMask = 2147483647;
			files = (
			);
			runOnlyForDeploymentPostprocessing = 0;
		};
		B138F2DD2D7B13A500F80150 /* Sources */ = {
			isa = PBXSourcesBuildPhase;
			buildActionMask = 2147483647;
			files = (
			);
			runOnlyForDeploymentPostprocessing = 0;
		};
		B15B3B312DFB476000A6E063 /* Sources */ = {
			isa = PBXSourcesBuildPhase;
			buildActionMask = 2147483647;
			files = (
			);
			runOnlyForDeploymentPostprocessing = 0;
		};
		B1F8C2BF2D78C5C300C60809 /* Sources */ = {
			isa = PBXSourcesBuildPhase;
			buildActionMask = 2147483647;
			files = (
			);
			runOnlyForDeploymentPostprocessing = 0;
		};
/* End PBXSourcesBuildPhase section */

/* Begin PBXTargetDependency section */
		B134122B2DE90F7000B6D92D /* PBXTargetDependency */ = {
			isa = PBXTargetDependency;
			target = B13412182DE90F6E00B6D92D /* cumuluswidgetsExtension */;
			targetProxy = B134122A2DE90F7000B6D92D /* PBXContainerItemProxy */;
		};
		B15B3B3E2DFB476200A6E063 /* PBXTargetDependency */ = {
			isa = PBXTargetDependency;
			target = B15B3B342DFB476000A6E063 /* CumulusWatch Watch App */;
			targetProxy = B15B3B3D2DFB476200A6E063 /* PBXContainerItemProxy */;
		};
/* End PBXTargetDependency section */

/* Begin XCBuildConfiguration section */
		B134122D2DE90F7000B6D92D /* Debug */ = {
			isa = XCBuildConfiguration;
			buildSettings = {
				ASSETCATALOG_COMPILER_GLOBAL_ACCENT_COLOR_NAME = AccentColor;
				ASSETCATALOG_COMPILER_WIDGET_BACKGROUND_COLOR_NAME = WidgetBackground;
				CODE_SIGN_ENTITLEMENTS = cumuluswidgetsExtension.entitlements;
				CODE_SIGN_STYLE = Automatic;
				CURRENT_PROJECT_VERSION = 12;
				GENERATE_INFOPLIST_FILE = YES;
				INFOPLIST_FILE = cumuluswidgets/Info.plist;
				INFOPLIST_KEY_CFBundleDisplayName = Cumulus;
				INFOPLIST_KEY_NSHumanReadableCopyright = "";
				IPHONEOS_DEPLOYMENT_TARGET = 18.4;
				LD_RUNPATH_SEARCH_PATHS = (
					"$(inherited)",
					"@executable_path/Frameworks",
					"@executable_path/../../Frameworks",
				);
				MARKETING_VERSION = 3.0;
				PRODUCT_BUNDLE_IDENTIFIER = com.josh.Cumulus.cumuluswidgets;
				PRODUCT_NAME = "$(TARGET_NAME)";
				SKIP_INSTALL = YES;
				SWIFT_EMIT_LOC_STRINGS = YES;
				SWIFT_VERSION = 5.0;
				TARGETED_DEVICE_FAMILY = "1,2";
			};
			name = Debug;
		};
		B134122E2DE90F7000B6D92D /* Release */ = {
			isa = XCBuildConfiguration;
			buildSettings = {
				ASSETCATALOG_COMPILER_GLOBAL_ACCENT_COLOR_NAME = AccentColor;
				ASSETCATALOG_COMPILER_WIDGET_BACKGROUND_COLOR_NAME = WidgetBackground;
				CODE_SIGN_ENTITLEMENTS = cumuluswidgetsExtension.entitlements;
				CODE_SIGN_STYLE = Automatic;
				CURRENT_PROJECT_VERSION = 12;
				GENERATE_INFOPLIST_FILE = YES;
				INFOPLIST_FILE = cumuluswidgets/Info.plist;
				INFOPLIST_KEY_CFBundleDisplayName = Cumulus;
				INFOPLIST_KEY_NSHumanReadableCopyright = "";
				IPHONEOS_DEPLOYMENT_TARGET = 18.4;
				LD_RUNPATH_SEARCH_PATHS = (
					"$(inherited)",
					"@executable_path/Frameworks",
					"@executable_path/../../Frameworks",
				);
				MARKETING_VERSION = 3.0;
				PRODUCT_BUNDLE_IDENTIFIER = com.josh.Cumulus.cumuluswidgets;
				PRODUCT_NAME = "$(TARGET_NAME)";
				SKIP_INSTALL = YES;
				SWIFT_EMIT_LOC_STRINGS = YES;
				SWIFT_VERSION = 5.0;
				TARGETED_DEVICE_FAMILY = "1,2";
			};
			name = Release;
		};
		B138F3042D7B13A600F80150 /* Debug */ = {
			isa = XCBuildConfiguration;
			buildSettings = {
				ASSETCATALOG_COMPILER_APPICON_NAME = AppIcon;
				ASSETCATALOG_COMPILER_GLOBAL_ACCENT_COLOR_NAME = AccentColor;
				CLANG_ENABLE_MODULES = YES;
				CODE_SIGN_ENTITLEMENTS = cumulusMAC/cumulusMAC.entitlements;
				CODE_SIGN_IDENTITY = "Apple Development";
				CODE_SIGN_STYLE = Automatic;
				COMBINE_HIDPI_IMAGES = YES;
				CURRENT_PROJECT_VERSION = 1;
				DEAD_CODE_STRIPPING = YES;
				ENABLE_APP_SANDBOX = YES;
				ENABLE_HARDENED_RUNTIME = YES;
				ENABLE_OUTGOING_NETWORK_CONNECTIONS = YES;
				ENABLE_PREVIEWS = YES;
				ENABLE_RESOURCE_ACCESS_LOCATION = YES;
				ENABLE_USER_SELECTED_FILES = readonly;
				GENERATE_INFOPLIST_FILE = YES;
				INFOPLIST_KEY_CFBundleDisplayName = Cumulus;
				INFOPLIST_KEY_LSApplicationCategoryType = "public.app-category.weather";
				INFOPLIST_KEY_NSHumanReadableCopyright = "";
				INFOPLIST_KEY_NSLocationUsageDescription = "We need your location to find the weather";
				INFOPLIST_KEY_NSLocationWhenInUseUsageDescription = "Cumulus needs your location to find the weather";
				LD_RUNPATH_SEARCH_PATHS = (
					"$(inherited)",
					"@executable_path/../Frameworks",
				);
				MACOSX_DEPLOYMENT_TARGET = 15.2;
				MARKETING_VERSION = 3.0;
				PRODUCT_BUNDLE_IDENTIFIER = com.josh.Cumulus;
				PRODUCT_NAME = Cumulus;
				PROVISIONING_PROFILE_SPECIFIER = "";
				SDKROOT = macosx;
				SWIFT_EMIT_LOC_STRINGS = YES;
				SWIFT_OPTIMIZATION_LEVEL = "-Onone";
				SWIFT_VERSION = 5.0;
			};
			name = Debug;
		};
		B138F3052D7B13A600F80150 /* Release */ = {
			isa = XCBuildConfiguration;
			buildSettings = {
				ASSETCATALOG_COMPILER_APPICON_NAME = AppIcon;
				ASSETCATALOG_COMPILER_GLOBAL_ACCENT_COLOR_NAME = AccentColor;
				CLANG_ENABLE_MODULES = YES;
				CODE_SIGN_ENTITLEMENTS = cumulusMAC/cumulusMACRelease.entitlements;
				CODE_SIGN_IDENTITY = "Apple Development";
				CODE_SIGN_STYLE = Automatic;
				COMBINE_HIDPI_IMAGES = YES;
				CURRENT_PROJECT_VERSION = 1;
				DEAD_CODE_STRIPPING = YES;
				ENABLE_APP_SANDBOX = YES;
				ENABLE_HARDENED_RUNTIME = YES;
				ENABLE_OUTGOING_NETWORK_CONNECTIONS = YES;
				ENABLE_PREVIEWS = YES;
				ENABLE_RESOURCE_ACCESS_LOCATION = YES;
				ENABLE_USER_SELECTED_FILES = readonly;
				GENERATE_INFOPLIST_FILE = YES;
				INFOPLIST_KEY_CFBundleDisplayName = Cumulus;
				INFOPLIST_KEY_LSApplicationCategoryType = "public.app-category.weather";
				INFOPLIST_KEY_NSHumanReadableCopyright = "";
				INFOPLIST_KEY_NSLocationUsageDescription = "We need your location to find the weather";
				INFOPLIST_KEY_NSLocationWhenInUseUsageDescription = "Cumulus needs your location to find the weather";
				LD_RUNPATH_SEARCH_PATHS = (
					"$(inherited)",
					"@executable_path/../Frameworks",
				);
				MACOSX_DEPLOYMENT_TARGET = 15.2;
				MARKETING_VERSION = 3.0;
				PRODUCT_BUNDLE_IDENTIFIER = com.josh.Cumulus;
				PRODUCT_NAME = Cumulus;
				PROVISIONING_PROFILE_SPECIFIER = "";
				SDKROOT = macosx;
				SWIFT_EMIT_LOC_STRINGS = YES;
				SWIFT_VERSION = 5.0;
			};
			name = Release;
		};
		B15B3B402DFB476200A6E063 /* Debug */ = {
			isa = XCBuildConfiguration;
			buildSettings = {
				ASSETCATALOG_COMPILER_APPICON_NAME = AppIcon;
				ASSETCATALOG_COMPILER_GLOBAL_ACCENT_COLOR_NAME = AccentColor;
				CODE_SIGN_ENTITLEMENTS = "CumulusWatch Watch App/CumulusWatch Watch App.entitlements";
				CODE_SIGN_STYLE = Automatic;
				CURRENT_PROJECT_VERSION = 12;
				ENABLE_PREVIEWS = YES;
				GENERATE_INFOPLIST_FILE = YES;
				INFOPLIST_KEY_CFBundleDisplayName = Cumulus;
				INFOPLIST_KEY_UISupportedInterfaceOrientations = "UIInterfaceOrientationPortrait UIInterfaceOrientationPortraitUpsideDown";
				INFOPLIST_KEY_WKCompanionAppBundleIdentifier = com.josh.Cumulus;
				LD_RUNPATH_SEARCH_PATHS = (
					"$(inherited)",
					"@executable_path/Frameworks",
				);
				MARKETING_VERSION = 3.0;
				PRODUCT_BUNDLE_IDENTIFIER = com.josh.Cumulus.watchkitapp;
				PRODUCT_NAME = "$(TARGET_NAME)";
				SDKROOT = watchos;
				SKIP_INSTALL = YES;
				STRING_CATALOG_GENERATE_SYMBOLS = YES;
				SWIFT_DEFAULT_ACTOR_ISOLATION = MainActor;
				SWIFT_EMIT_LOC_STRINGS = YES;
				SWIFT_UPCOMING_FEATURE_MEMBER_IMPORT_VISIBILITY = YES;
				SWIFT_VERSION = 5.0;
				TARGETED_DEVICE_FAMILY = 4;
				WATCHOS_DEPLOYMENT_TARGET = 11.0;
			};
			name = Debug;
		};
		B15B3B412DFB476200A6E063 /* Release */ = {
			isa = XCBuildConfiguration;
			buildSettings = {
				ASSETCATALOG_COMPILER_APPICON_NAME = AppIcon;
				ASSETCATALOG_COMPILER_GLOBAL_ACCENT_COLOR_NAME = AccentColor;
				CODE_SIGN_ENTITLEMENTS = "CumulusWatch Watch App/CumulusWatch Watch App.entitlements";
				CODE_SIGN_STYLE = Automatic;
				CURRENT_PROJECT_VERSION = 12;
				ENABLE_PREVIEWS = YES;
				GENERATE_INFOPLIST_FILE = YES;
				INFOPLIST_KEY_CFBundleDisplayName = Cumulus;
				INFOPLIST_KEY_UISupportedInterfaceOrientations = "UIInterfaceOrientationPortrait UIInterfaceOrientationPortraitUpsideDown";
				INFOPLIST_KEY_WKCompanionAppBundleIdentifier = com.josh.Cumulus;
				LD_RUNPATH_SEARCH_PATHS = (
					"$(inherited)",
					"@executable_path/Frameworks",
				);
				MARKETING_VERSION = 3.0;
				PRODUCT_BUNDLE_IDENTIFIER = com.josh.Cumulus.watchkitapp;
				PRODUCT_NAME = "$(TARGET_NAME)";
				SDKROOT = watchos;
				SKIP_INSTALL = YES;
				STRING_CATALOG_GENERATE_SYMBOLS = YES;
				SWIFT_DEFAULT_ACTOR_ISOLATION = MainActor;
				SWIFT_EMIT_LOC_STRINGS = YES;
				SWIFT_UPCOMING_FEATURE_MEMBER_IMPORT_VISIBILITY = YES;
				SWIFT_VERSION = 5.0;
				TARGETED_DEVICE_FAMILY = 4;
				WATCHOS_DEPLOYMENT_TARGET = 11.0;
			};
			name = Release;
		};
		B1F8C2E52D78C5C400C60809 /* Debug */ = {
			isa = XCBuildConfiguration;
			buildSettings = {
				ALWAYS_SEARCH_USER_PATHS = NO;
				ASSETCATALOG_COMPILER_GENERATE_SWIFT_ASSET_SYMBOL_EXTENSIONS = YES;
				CLANG_ANALYZER_NONNULL = YES;
				CLANG_ANALYZER_NUMBER_OBJECT_CONVERSION = YES_AGGRESSIVE;
				CLANG_CXX_LANGUAGE_STANDARD = "gnu++20";
				CLANG_ENABLE_MODULES = YES;
				CLANG_ENABLE_OBJC_ARC = YES;
				CLANG_ENABLE_OBJC_WEAK = YES;
				CLANG_WARN_BLOCK_CAPTURE_AUTORELEASING = YES;
				CLANG_WARN_BOOL_CONVERSION = YES;
				CLANG_WARN_COMMA = YES;
				CLANG_WARN_CONSTANT_CONVERSION = YES;
				CLANG_WARN_DEPRECATED_OBJC_IMPLEMENTATIONS = YES;
				CLANG_WARN_DIRECT_OBJC_ISA_USAGE = YES_ERROR;
				CLANG_WARN_DOCUMENTATION_COMMENTS = YES;
				CLANG_WARN_EMPTY_BODY = YES;
				CLANG_WARN_ENUM_CONVERSION = YES;
				CLANG_WARN_INFINITE_RECURSION = YES;
				CLANG_WARN_INT_CONVERSION = YES;
				CLANG_WARN_NON_LITERAL_NULL_CONVERSION = YES;
				CLANG_WARN_OBJC_IMPLICIT_RETAIN_SELF = YES;
				CLANG_WARN_OBJC_LITERAL_CONVERSION = YES;
				CLANG_WARN_OBJC_ROOT_CLASS = YES_ERROR;
				CLANG_WARN_QUOTED_INCLUDE_IN_FRAMEWORK_HEADER = YES;
				CLANG_WARN_RANGE_LOOP_ANALYSIS = YES;
				CLANG_WARN_STRICT_PROTOTYPES = YES;
				CLANG_WARN_SUSPICIOUS_MOVE = YES;
				CLANG_WARN_UNGUARDED_AVAILABILITY = YES_AGGRESSIVE;
				CLANG_WARN_UNREACHABLE_CODE = YES;
				CLANG_WARN__DUPLICATE_METHOD_MATCH = YES;
				COPY_PHASE_STRIP = NO;
				DEBUG_INFORMATION_FORMAT = dwarf;
				DEVELOPMENT_TEAM = VCZ6LUVE4J;
				ENABLE_STRICT_OBJC_MSGSEND = YES;
				ENABLE_TESTABILITY = YES;
				ENABLE_USER_SCRIPT_SANDBOXING = YES;
				GCC_C_LANGUAGE_STANDARD = gnu17;
				GCC_DYNAMIC_NO_PIC = NO;
				GCC_NO_COMMON_BLOCKS = YES;
				GCC_OPTIMIZATION_LEVEL = 0;
				GCC_PREPROCESSOR_DEFINITIONS = (
					"DEBUG=1",
					"$(inherited)",
				);
				GCC_WARN_64_TO_32_BIT_CONVERSION = YES;
				GCC_WARN_ABOUT_RETURN_TYPE = YES_ERROR;
				GCC_WARN_UNDECLARED_SELECTOR = YES;
				GCC_WARN_UNINITIALIZED_AUTOS = YES_AGGRESSIVE;
				GCC_WARN_UNUSED_FUNCTION = YES;
				GCC_WARN_UNUSED_VARIABLE = YES;
				IPHONEOS_DEPLOYMENT_TARGET = 18.2;
				LOCALIZATION_PREFERS_STRING_CATALOGS = YES;
				MTL_ENABLE_DEBUG_INFO = INCLUDE_SOURCE;
				MTL_FAST_MATH = YES;
				ONLY_ACTIVE_ARCH = YES;
				SDKROOT = iphoneos;
				STRING_CATALOG_GENERATE_SYMBOLS = YES;
				SWIFT_ACTIVE_COMPILATION_CONDITIONS = "DEBUG $(inherited)";
				SWIFT_OPTIMIZATION_LEVEL = "-Onone";
			};
			name = Debug;
		};
		B1F8C2E62D78C5C400C60809 /* Release */ = {
			isa = XCBuildConfiguration;
			buildSettings = {
				ALWAYS_SEARCH_USER_PATHS = NO;
				ASSETCATALOG_COMPILER_GENERATE_SWIFT_ASSET_SYMBOL_EXTENSIONS = YES;
				CLANG_ANALYZER_NONNULL = YES;
				CLANG_ANALYZER_NUMBER_OBJECT_CONVERSION = YES_AGGRESSIVE;
				CLANG_CXX_LANGUAGE_STANDARD = "gnu++20";
				CLANG_ENABLE_MODULES = YES;
				CLANG_ENABLE_OBJC_ARC = YES;
				CLANG_ENABLE_OBJC_WEAK = YES;
				CLANG_WARN_BLOCK_CAPTURE_AUTORELEASING = YES;
				CLANG_WARN_BOOL_CONVERSION = YES;
				CLANG_WARN_COMMA = YES;
				CLANG_WARN_CONSTANT_CONVERSION = YES;
				CLANG_WARN_DEPRECATED_OBJC_IMPLEMENTATIONS = YES;
				CLANG_WARN_DIRECT_OBJC_ISA_USAGE = YES_ERROR;
				CLANG_WARN_DOCUMENTATION_COMMENTS = YES;
				CLANG_WARN_EMPTY_BODY = YES;
				CLANG_WARN_ENUM_CONVERSION = YES;
				CLANG_WARN_INFINITE_RECURSION = YES;
				CLANG_WARN_INT_CONVERSION = YES;
				CLANG_WARN_NON_LITERAL_NULL_CONVERSION = YES;
				CLANG_WARN_OBJC_IMPLICIT_RETAIN_SELF = YES;
				CLANG_WARN_OBJC_LITERAL_CONVERSION = YES;
				CLANG_WARN_OBJC_ROOT_CLASS = YES_ERROR;
				CLANG_WARN_QUOTED_INCLUDE_IN_FRAMEWORK_HEADER = YES;
				CLANG_WARN_RANGE_LOOP_ANALYSIS = YES;
				CLANG_WARN_STRICT_PROTOTYPES = YES;
				CLANG_WARN_SUSPICIOUS_MOVE = YES;
				CLANG_WARN_UNGUARDED_AVAILABILITY = YES_AGGRESSIVE;
				CLANG_WARN_UNREACHABLE_CODE = YES;
				CLANG_WARN__DUPLICATE_METHOD_MATCH = YES;
				COPY_PHASE_STRIP = NO;
				DEBUG_INFORMATION_FORMAT = "dwarf-with-dsym";
				DEVELOPMENT_TEAM = VCZ6LUVE4J;
				ENABLE_NS_ASSERTIONS = NO;
				ENABLE_STRICT_OBJC_MSGSEND = YES;
				ENABLE_USER_SCRIPT_SANDBOXING = YES;
				GCC_C_LANGUAGE_STANDARD = gnu17;
				GCC_NO_COMMON_BLOCKS = YES;
				GCC_WARN_64_TO_32_BIT_CONVERSION = YES;
				GCC_WARN_ABOUT_RETURN_TYPE = YES_ERROR;
				GCC_WARN_UNDECLARED_SELECTOR = YES;
				GCC_WARN_UNINITIALIZED_AUTOS = YES_AGGRESSIVE;
				GCC_WARN_UNUSED_FUNCTION = YES;
				GCC_WARN_UNUSED_VARIABLE = YES;
				IPHONEOS_DEPLOYMENT_TARGET = 18.2;
				LOCALIZATION_PREFERS_STRING_CATALOGS = YES;
				MTL_ENABLE_DEBUG_INFO = NO;
				MTL_FAST_MATH = YES;
				SDKROOT = iphoneos;
				STRING_CATALOG_GENERATE_SYMBOLS = YES;
				SWIFT_COMPILATION_MODE = wholemodule;
				VALIDATE_PRODUCT = YES;
			};
			name = Release;
		};
		B1F8C2E82D78C5C400C60809 /* Debug */ = {
			isa = XCBuildConfiguration;
			buildSettings = {
				ASSETCATALOG_COMPILER_APPICON_NAME = AppIcon;
				ASSETCATALOG_COMPILER_GLOBAL_ACCENT_COLOR_NAME = AccentColor;
				ASSETCATALOG_COMPILER_INCLUDE_ALL_APPICON_ASSETS = YES;
				CLANG_ENABLE_MODULES = YES;
				CODE_SIGN_ENTITLEMENTS = Cumulus/Cumulus.entitlements;
				CODE_SIGN_STYLE = Automatic;
				CURRENT_PROJECT_VERSION = "12 ";
				ENABLE_PREVIEWS = YES;
				GENERATE_INFOPLIST_FILE = YES;
				INFOPLIST_FILE = Cumulus/Info.plist;
				INFOPLIST_KEY_CFBundleDisplayName = Cumulus;
				INFOPLIST_KEY_LSApplicationCategoryType = "public.app-category.weather";
				INFOPLIST_KEY_NSLocationAlwaysUsageDescription = "Cumulus needs your location to find the weather";
				INFOPLIST_KEY_NSLocationWhenInUseUsageDescription = "Cumulus needs your location to find the weather";
				INFOPLIST_KEY_UIApplicationSceneManifest_Generation = YES;
				INFOPLIST_KEY_UIApplicationSupportsIndirectInputEvents = YES;
				INFOPLIST_KEY_UILaunchScreen_Generation = YES;
				INFOPLIST_KEY_UILaunchStoryboardName = Splash;
				INFOPLIST_KEY_UISupportedInterfaceOrientations = UIInterfaceOrientationPortrait;
				INFOPLIST_KEY_UISupportedInterfaceOrientations_iPad = "UIInterfaceOrientationLandscapeLeft UIInterfaceOrientationLandscapeRight UIInterfaceOrientationPortrait UIInterfaceOrientationPortraitUpsideDown";
				IPHONEOS_DEPLOYMENT_TARGET = 18.0;
				LD_RUNPATH_SEARCH_PATHS = (
					"$(inherited)",
					"@executable_path/Frameworks",
				);
				MARKETING_VERSION = 3.0;
				PRODUCT_BUNDLE_IDENTIFIER = com.josh.Cumulus;
				PRODUCT_NAME = "$(TARGET_NAME)";
				SDKROOT = iphoneos;
				SUPPORTED_PLATFORMS = "iphoneos iphonesimulator";
				SUPPORTS_MACCATALYST = NO;
				SUPPORTS_MAC_DESIGNED_FOR_IPHONE_IPAD = NO;
				SUPPORTS_XR_DESIGNED_FOR_IPHONE_IPAD = NO;
				SWIFT_EMIT_LOC_STRINGS = YES;
				SWIFT_OPTIMIZATION_LEVEL = "-Onone";
				SWIFT_VERSION = 5.0;
				TARGETED_DEVICE_FAMILY = "1,2";
			};
			name = Debug;
		};
		B1F8C2E92D78C5C400C60809 /* Release */ = {
			isa = XCBuildConfiguration;
			buildSettings = {
				ASSETCATALOG_COMPILER_APPICON_NAME = AppIcon;
				ASSETCATALOG_COMPILER_GLOBAL_ACCENT_COLOR_NAME = AccentColor;
				ASSETCATALOG_COMPILER_INCLUDE_ALL_APPICON_ASSETS = YES;
				CLANG_ENABLE_MODULES = YES;
				CODE_SIGN_ENTITLEMENTS = Cumulus/Cumulus.entitlements;
				CODE_SIGN_STYLE = Automatic;
				CURRENT_PROJECT_VERSION = "12 ";
				ENABLE_PREVIEWS = YES;
				GENERATE_INFOPLIST_FILE = YES;
				INFOPLIST_FILE = Cumulus/Info.plist;
				INFOPLIST_KEY_CFBundleDisplayName = Cumulus;
				INFOPLIST_KEY_LSApplicationCategoryType = "public.app-category.weather";
				INFOPLIST_KEY_NSLocationAlwaysUsageDescription = "Cumulus needs your location to find the weather";
				INFOPLIST_KEY_NSLocationWhenInUseUsageDescription = "Cumulus needs your location to find the weather";
				INFOPLIST_KEY_UIApplicationSceneManifest_Generation = YES;
				INFOPLIST_KEY_UIApplicationSupportsIndirectInputEvents = YES;
				INFOPLIST_KEY_UILaunchScreen_Generation = YES;
				INFOPLIST_KEY_UILaunchStoryboardName = Splash;
				INFOPLIST_KEY_UISupportedInterfaceOrientations = UIInterfaceOrientationPortrait;
				INFOPLIST_KEY_UISupportedInterfaceOrientations_iPad = "UIInterfaceOrientationLandscapeLeft UIInterfaceOrientationLandscapeRight UIInterfaceOrientationPortrait UIInterfaceOrientationPortraitUpsideDown";
				IPHONEOS_DEPLOYMENT_TARGET = 18.0;
				LD_RUNPATH_SEARCH_PATHS = (
					"$(inherited)",
					"@executable_path/Frameworks",
				);
				MARKETING_VERSION = 3.0;
				PRODUCT_BUNDLE_IDENTIFIER = com.josh.Cumulus;
				PRODUCT_NAME = "$(TARGET_NAME)";
				SDKROOT = iphoneos;
				SUPPORTED_PLATFORMS = "iphoneos iphonesimulator";
				SUPPORTS_MACCATALYST = NO;
				SUPPORTS_MAC_DESIGNED_FOR_IPHONE_IPAD = NO;
				SUPPORTS_XR_DESIGNED_FOR_IPHONE_IPAD = NO;
				SWIFT_EMIT_LOC_STRINGS = YES;
				SWIFT_VERSION = 5.0;
				TARGETED_DEVICE_FAMILY = "1,2";
			};
			name = Release;
		};
/* End XCBuildConfiguration section */

/* Begin XCConfigurationList section */
		B134122F2DE90F7000B6D92D /* Build configuration list for PBXNativeTarget "cumuluswidgetsExtension" */ = {
			isa = XCConfigurationList;
			buildConfigurations = (
				B134122D2DE90F7000B6D92D /* Debug */,
				B134122E2DE90F7000B6D92D /* Release */,
			);
			defaultConfigurationIsVisible = 0;
			defaultConfigurationName = Release;
		};
		B138F3032D7B13A600F80150 /* Build configuration list for PBXNativeTarget "cumulusMAC" */ = {
			isa = XCConfigurationList;
			buildConfigurations = (
				B138F3042D7B13A600F80150 /* Debug */,
				B138F3052D7B13A600F80150 /* Release */,
			);
			defaultConfigurationIsVisible = 0;
			defaultConfigurationName = Release;
		};
		B15B3B422DFB476200A6E063 /* Build configuration list for PBXNativeTarget "CumulusWatch Watch App" */ = {
			isa = XCConfigurationList;
			buildConfigurations = (
				B15B3B402DFB476200A6E063 /* Debug */,
				B15B3B412DFB476200A6E063 /* Release */,
			);
			defaultConfigurationIsVisible = 0;
			defaultConfigurationName = Release;
		};
		B1F8C2BE2D78C5C300C60809 /* Build configuration list for PBXProject "Cumulus" */ = {
			isa = XCConfigurationList;
			buildConfigurations = (
				B1F8C2E52D78C5C400C60809 /* Debug */,
				B1F8C2E62D78C5C400C60809 /* Release */,
			);
			defaultConfigurationIsVisible = 0;
			defaultConfigurationName = Release;
		};
		B1F8C2E72D78C5C400C60809 /* Build configuration list for PBXNativeTarget "Cumulus" */ = {
			isa = XCConfigurationList;
			buildConfigurations = (
				B1F8C2E82D78C5C400C60809 /* Debug */,
				B1F8C2E92D78C5C400C60809 /* Release */,
			);
			defaultConfigurationIsVisible = 0;
			defaultConfigurationName = Release;
		};
/* End XCConfigurationList section */
	};
	rootObject = B1F8C2BB2D78C5C300C60809 /* Project object */;
}
